
Microsoft Visual Studio Solution File, Format Version 12.00
# Visual Studio Version 17
VisualStudioVersion = 17.7.34024.191
MinimumVisualStudioVersion = 10.0.40219.1
Project("{FAE04EC0-301F-11D3-BF4B-00C04F79EFBC}") = "Los dos chinos", "Los dos chinos.csproj", "{7A620B1A-EDB7-4A1D-B60C-B8D2461690D2}"
EndProject
Global
	GlobalSection(SolutionConfigurationPlatforms) = preSolution
		Debug|Any CPU = Debug|Any CPU
		Release|Any CPU = Release|Any CPU
	EndGlobalSection
	GlobalSection(ProjectConfigurationPlatforms) = postSolution
		{7A620B1A-EDB7-4A1D-B60C-B8D2461690D2}.Debug|Any CPU.ActiveCfg = Debug|Any CPU
		{7A620B1A-EDB7-4A1D-B60C-B8D2461690D2}.Debug|Any CPU.Build.0 = Debug|Any CPU
		{7A620B1A-EDB7-4A1D-B60C-B8D2461690D2}.Release|Any CPU.ActiveCfg = Release|Any CPU
		{7A620B1A-EDB7-4A1D-B60C-B8D2461690D2}.Release|Any CPU.Build.0 = Release|Any CPU
	EndGlobalSection
	GlobalSection(SolutionProperties) = preSolution
		HideSolutionNode = FALSE
	EndGlobalSection
	GlobalSection(ExtensibilityGlobals) = postSolution
		SolutionGuid = {710D715D-2DB8-4CF9-9632-EAEC7A6A6FC0}
	EndGlobalSection
EndGlobal
